
Microsoft Visual Studio Solution File, Format Version 12.00
Project("{FAE04EC0-301F-11D3-BF4B-00C04F79EFBC}") = "core-issue", "core-issue\core-issue.csproj", "{6CA10464-081C-4F75-AFC3-DA43BEE75977}"
EndProject
Project("{FAE04EC0-301F-11D3-BF4B-00C04F79EFBC}") = "test-api-issue", "test-api-issue\test-api-issue.csproj", "{6EB2FD96-2E6F-4CEE-86D1-B267F144705F}"
EndProject
Project("{FAE04EC0-301F-11D3-BF4B-00C04F79EFBC}") = "fluent-test-api", "fluent-test-api\fluent-test-api.csproj", "{A99EAD8C-E8B8-4DEE-96DB-B460D564CBA7}"
EndProject
Global
	GlobalSection(SolutionConfigurationPlatforms) = preSolution
		Debug|Any CPU = Debug|Any CPU
		Release|Any CPU = Release|Any CPU
	EndGlobalSection
	GlobalSection(ProjectConfigurationPlatforms) = postSolution
		{6CA10464-081C-4F75-AFC3-DA43BEE75977}.Debug|Any CPU.ActiveCfg = Debug|Any CPU
		{6CA10464-081C-4F75-AFC3-DA43BEE75977}.Debug|Any CPU.Build.0 = Debug|Any CPU
		{6CA10464-081C-4F75-AFC3-DA43BEE75977}.Release|Any CPU.ActiveCfg = Release|Any CPU
		{6CA10464-081C-4F75-AFC3-DA43BEE75977}.Release|Any CPU.Build.0 = Release|Any CPU
		{6EB2FD96-2E6F-4CEE-86D1-B267F144705F}.Debug|Any CPU.ActiveCfg = Debug|Any CPU
		{6EB2FD96-2E6F-4CEE-86D1-B267F144705F}.Debug|Any CPU.Build.0 = Debug|Any CPU
		{6EB2FD96-2E6F-4CEE-86D1-B267F144705F}.Release|Any CPU.ActiveCfg = Release|Any CPU
		{6EB2FD96-2E6F-4CEE-86D1-B267F144705F}.Release|Any CPU.Build.0 = Release|Any CPU
		{A99EAD8C-E8B8-4DEE-96DB-B460D564CBA7}.Debug|Any CPU.ActiveCfg = Debug|Any CPU
		{A99EAD8C-E8B8-4DEE-96DB-B460D564CBA7}.Debug|Any CPU.Build.0 = Debug|Any CPU
		{A99EAD8C-E8B8-4DEE-96DB-B460D564CBA7}.Release|Any CPU.ActiveCfg = Release|Any CPU
		{A99EAD8C-E8B8-4DEE-96DB-B460D564CBA7}.Release|Any CPU.Build.0 = Release|Any CPU
	EndGlobalSection
EndGlobal
